
Microsoft Visual Studio Solution File, Format Version 12.00
# Visual Studio 15
VisualStudioVersion = 15.0.28307.271
MinimumVisualStudioVersion = 10.0.40219.1
Project("{FAE04EC0-301F-11D3-BF4B-00C04F79EFBC}") = "WhiteLabelApp.Android", "WhiteLabelApp\WhiteLabelApp.Android\WhiteLabelApp.Android.csproj", "{29ED84B2-7C44-4D67-AA4A-609C55AEC6E3}"
EndProject
Project("{FAE04EC0-301F-11D3-BF4B-00C04F79EFBC}") = "WhiteLabelApp.iOS", "WhiteLabelApp\WhiteLabelApp.iOS\WhiteLabelApp.iOS.csproj", "{CF6C9E16-DA3C-4304-929E-71BAAF3D8B93}"
EndProject
Project("{9A19103F-16F7-4668-BE54-9A1E7A4F7556}") = "WhiteLabelApp", "WhiteLabelApp\WhiteLabelApp\WhiteLabelApp.csproj", "{15234C61-6ADD-4FC5-8757-56B7D33DEF5C}"
EndProject
Global
	GlobalSection(SolutionConfigurationPlatforms) = preSolution
		Ad-Hoc|Any CPU = Ad-Hoc|Any CPU
		Ad-Hoc|iPhone = Ad-Hoc|iPhone
		Ad-Hoc|iPhoneSimulator = Ad-Hoc|iPhoneSimulator
		AppStore|Any CPU = AppStore|Any CPU
		AppStore|iPhone = AppStore|iPhone
		AppStore|iPhoneSimulator = AppStore|iPhoneSimulator
		Debug|Any CPU = Debug|Any CPU
		Debug|iPhone = Debug|iPhone
		Debug|iPhoneSimulator = Debug|iPhoneSimulator
		Release|Any CPU = Release|Any CPU
		Release|iPhone = Release|iPhone
		Release|iPhoneSimulator = Release|iPhoneSimulator
	EndGlobalSection
	GlobalSection(ProjectConfigurationPlatforms) = postSolution
		{29ED84B2-7C44-4D67-AA4A-609C55AEC6E3}.Ad-Hoc|Any CPU.ActiveCfg = Release|Any CPU
		{29ED84B2-7C44-4D67-AA4A-609C55AEC6E3}.Ad-Hoc|Any CPU.Build.0 = Release|Any CPU
		{29ED84B2-7C44-4D67-AA4A-609C55AEC6E3}.Ad-Hoc|Any CPU.Deploy.0 = Release|Any CPU
		{29ED84B2-7C44-4D67-AA4A-609C55AEC6E3}.Ad-Hoc|iPhone.ActiveCfg = Release|Any CPU
		{29ED84B2-7C44-4D67-AA4A-609C55AEC6E3}.Ad-Hoc|iPhone.Build.0 = Release|Any CPU
		{29ED84B2-7C44-4D67-AA4A-609C55AEC6E3}.Ad-Hoc|iPhone.Deploy.0 = Release|Any CPU
		{29ED84B2-7C44-4D67-AA4A-609C55AEC6E3}.Ad-Hoc|iPhoneSimulator.ActiveCfg = Release|Any CPU
		{29ED84B2-7C44-4D67-AA4A-609C55AEC6E3}.Ad-Hoc|iPhoneSimulator.Build.0 = Release|Any CPU
		{29ED84B2-7C44-4D67-AA4A-609C55AEC6E3}.Ad-Hoc|iPhoneSimulator.Deploy.0 = Release|Any CPU
		{29ED84B2-7C44-4D67-AA4A-609C55AEC6E3}.AppStore|Any CPU.ActiveCfg = Release|Any CPU
		{29ED84B2-7C44-4D67-AA4A-609C55AEC6E3}.AppStore|Any CPU.Build.0 = Release|Any CPU
		{29ED84B2-7C44-4D67-AA4A-609C55AEC6E3}.AppStore|Any CPU.Deploy.0 = Release|Any CPU
		{29ED84B2-7C44-4D67-AA4A-609C55AEC6E3}.AppStore|iPhone.ActiveCfg = Release|Any CPU
		{29ED84B2-7C44-4D67-AA4A-609C55AEC6E3}.AppStore|iPhone.Build.0 = Release|Any CPU
		{29ED84B2-7C44-4D67-AA4A-609C55AEC6E3}.AppStore|iPhone.Deploy.0 = Release|Any CPU
		{29ED84B2-7C44-4D67-AA4A-609C55AEC6E3}.AppStore|iPhoneSimulator.ActiveCfg = Release|Any CPU
		{29ED84B2-7C44-4D67-AA4A-609C55AEC6E3}.AppStore|iPhoneSimulator.Build.0 = Release|Any CPU
		{29ED84B2-7C44-4D67-AA4A-609C55AEC6E3}.AppStore|iPhoneSimulator.Deploy.0 = Release|Any CPU
		{29ED84B2-7C44-4D67-AA4A-609C55AEC6E3}.Debug|Any CPU.ActiveCfg = Debug|Any CPU
		{29ED84B2-7C44-4D67-AA4A-609C55AEC6E3}.Debug|Any CPU.Build.0 = Debug|Any CPU
		{29ED84B2-7C44-4D67-AA4A-609C55AEC6E3}.Debug|Any CPU.Deploy.0 = Debug|Any CPU
		{29ED84B2-7C44-4D67-AA4A-609C55AEC6E3}.Debug|iPhone.ActiveCfg = Debug|Any CPU
		{29ED84B2-7C44-4D67-AA4A-609C55AEC6E3}.Debug|iPhone.Build.0 = Debug|Any CPU
		{29ED84B2-7C44-4D67-AA4A-609C55AEC6E3}.Debug|iPhone.Deploy.0 = Debug|Any CPU
		{29ED84B2-7C44-4D67-AA4A-609C55AEC6E3}.Debug|iPhoneSimulator.ActiveCfg = Debug|Any CPU
		{29ED84B2-7C44-4D67-AA4A-609C55AEC6E3}.Debug|iPhoneSimulator.Build.0 = Debug|Any CPU
		{29ED84B2-7C44-4D67-AA4A-609C55AEC6E3}.Debug|iPhoneSimulator.Deploy.0 = Debug|Any CPU
		{29ED84B2-7C44-4D67-AA4A-609C55AEC6E3}.Release|Any CPU.ActiveCfg = Release|Any CPU
		{29ED84B2-7C44-4D67-AA4A-609C55AEC6E3}.Release|Any CPU.Build.0 = Release|Any CPU
		{29ED84B2-7C44-4D67-AA4A-609C55AEC6E3}.Release|Any CPU.Deploy.0 = Release|Any CPU
		{29ED84B2-7C44-4D67-AA4A-609C55AEC6E3}.Release|iPhone.ActiveCfg = Release|Any CPU
		{29ED84B2-7C44-4D67-AA4A-609C55AEC6E3}.Release|iPhone.Build.0 = Release|Any CPU
		{29ED84B2-7C44-4D67-AA4A-609C55AEC6E3}.Release|iPhone.Deploy.0 = Release|Any CPU
		{29ED84B2-7C44-4D67-AA4A-609C55AEC6E3}.Release|iPhoneSimulator.ActiveCfg = Release|Any CPU
		{29ED84B2-7C44-4D67-AA4A-609C55AEC6E3}.Release|iPhoneSimulator.Build.0 = Release|Any CPU
		{29ED84B2-7C44-4D67-AA4A-609C55AEC6E3}.Release|iPhoneSimulator.Deploy.0 = Release|Any CPU
		{CF6C9E16-DA3C-4304-929E-71BAAF3D8B93}.Ad-Hoc|Any CPU.ActiveCfg = Ad-Hoc|iPhone
		{CF6C9E16-DA3C-4304-929E-71BAAF3D8B93}.Ad-Hoc|Any CPU.Build.0 = Ad-Hoc|iPhone
		{CF6C9E16-DA3C-4304-929E-71BAAF3D8B93}.Ad-Hoc|Any CPU.Deploy.0 = Ad-Hoc|iPhone
		{CF6C9E16-DA3C-4304-929E-71BAAF3D8B93}.Ad-Hoc|iPhone.ActiveCfg = Ad-Hoc|iPhone
		{CF6C9E16-DA3C-4304-929E-71BAAF3D8B93}.Ad-Hoc|iPhone.Build.0 = Ad-Hoc|iPhone
		{CF6C9E16-DA3C-4304-929E-71BAAF3D8B93}.Ad-Hoc|iPhone.Deploy.0 = Ad-Hoc|iPhone
		{CF6C9E16-DA3C-4304-929E-71BAAF3D8B93}.Ad-Hoc|iPhoneSimulator.ActiveCfg = Ad-Hoc|iPhoneSimulator
		{CF6C9E16-DA3C-4304-929E-71BAAF3D8B93}.Ad-Hoc|iPhoneSimulator.Build.0 = Ad-Hoc|iPhoneSimulator
		{CF6C9E16-DA3C-4304-929E-71BAAF3D8B93}.Ad-Hoc|iPhoneSimulator.Deploy.0 = Ad-Hoc|iPhoneSimulator
		{CF6C9E16-DA3C-4304-929E-71BAAF3D8B93}.AppStore|Any CPU.ActiveCfg = AppStore|iPhone
		{CF6C9E16-DA3C-4304-929E-71BAAF3D8B93}.AppStore|Any CPU.Build.0 = AppStore|iPhone
		{CF6C9E16-DA3C-4304-929E-71BAAF3D8B93}.AppStore|Any CPU.Deploy.0 = AppStore|iPhone
		{CF6C9E16-DA3C-4304-929E-71BAAF3D8B93}.AppStore|iPhone.ActiveCfg = AppStore|iPhone
		{CF6C9E16-DA3C-4304-929E-71BAAF3D8B93}.AppStore|iPhone.Build.0 = AppStore|iPhone
		{CF6C9E16-DA3C-4304-929E-71BAAF3D8B93}.AppStore|iPhone.Deploy.0 = AppStore|iPhone
		{CF6C9E16-DA3C-4304-929E-71BAAF3D8B93}.AppStore|iPhoneSimulator.ActiveCfg = AppStore|iPhoneSimulator
		{CF6C9E16-DA3C-4304-929E-71BAAF3D8B93}.AppStore|iPhoneSimulator.Build.0 = AppStore|iPhoneSimulator
		{CF6C9E16-DA3C-4304-929E-71BAAF3D8B93}.AppStore|iPhoneSimulator.Deploy.0 = AppStore|iPhoneSimulator
		{CF6C9E16-DA3C-4304-929E-71BAAF3D8B93}.Debug|Any CPU.ActiveCfg = Debug|iPhoneSimulator
		{CF6C9E16-DA3C-4304-929E-71BAAF3D8B93}.Debug|Any CPU.Build.0 = Debug|iPhoneSimulator
		{CF6C9E16-DA3C-4304-929E-71BAAF3D8B93}.Debug|Any CPU.Deploy.0 = Debug|iPhoneSimulator
		{CF6C9E16-DA3C-4304-929E-71BAAF3D8B93}.Debug|iPhone.ActiveCfg = Debug|iPhone
		{CF6C9E16-DA3C-4304-929E-71BAAF3D8B93}.Debug|iPhone.Build.0 = Debug|iPhone
		{CF6C9E16-DA3C-4304-929E-71BAAF3D8B93}.Debug|iPhone.Deploy.0 = Debug|iPhone
		{CF6C9E16-DA3C-4304-929E-71BAAF3D8B93}.Debug|iPhoneSimulator.ActiveCfg = Debug|iPhoneSimulator
		{CF6C9E16-DA3C-4304-929E-71BAAF3D8B93}.Debug|iPhoneSimulator.Build.0 = Debug|iPhoneSimulator
		{CF6C9E16-DA3C-4304-929E-71BAAF3D8B93}.Debug|iPhoneSimulator.Deploy.0 = Debug|iPhoneSimulator
		{CF6C9E16-DA3C-4304-929E-71BAAF3D8B93}.Release|Any CPU.ActiveCfg = Release|iPhone
		{CF6C9E16-DA3C-4304-929E-71BAAF3D8B93}.Release|Any CPU.Build.0 = Release|iPhone
		{CF6C9E16-DA3C-4304-929E-71BAAF3D8B93}.Release|Any CPU.Deploy.0 = Release|iPhone
		{CF6C9E16-DA3C-4304-929E-71BAAF3D8B93}.Release|iPhone.ActiveCfg = Release|iPhone
		{CF6C9E16-DA3C-4304-929E-71BAAF3D8B93}.Release|iPhone.Build.0 = Release|iPhone
		{CF6C9E16-DA3C-4304-929E-71BAAF3D8B93}.Release|iPhone.Deploy.0 = Release|iPhone
		{CF6C9E16-DA3C-4304-929E-71BAAF3D8B93}.Release|iPhoneSimulator.ActiveCfg = Release|iPhoneSimulator
		{CF6C9E16-DA3C-4304-929E-71BAAF3D8B93}.Release|iPhoneSimulator.Build.0 = Release|iPhoneSimulator
		{CF6C9E16-DA3C-4304-929E-71BAAF3D8B93}.Release|iPhoneSimulator.Deploy.0 = Release|iPhoneSimulator
		{15234C61-6ADD-4FC5-8757-56B7D33DEF5C}.Ad-Hoc|Any CPU.ActiveCfg = Debug|Any CPU
		{15234C61-6ADD-4FC5-8757-56B7D33DEF5C}.Ad-Hoc|Any CPU.Build.0 = Debug|Any CPU
		{15234C61-6ADD-4FC5-8757-56B7D33DEF5C}.Ad-Hoc|Any CPU.Deploy.0 = Debug|Any CPU
		{15234C61-6ADD-4FC5-8757-56B7D33DEF5C}.Ad-Hoc|iPhone.ActiveCfg = Debug|Any CPU
		{15234C61-6ADD-4FC5-8757-56B7D33DEF5C}.Ad-Hoc|iPhone.Build.0 = Debug|Any CPU
		{15234C61-6ADD-4FC5-8757-56B7D33DEF5C}.Ad-Hoc|iPhone.Deploy.0 = Debug|Any CPU
		{15234C61-6ADD-4FC5-8757-56B7D33DEF5C}.Ad-Hoc|iPhoneSimulator.ActiveCfg = Debug|Any CPU
		{15234C61-6ADD-4FC5-8757-56B7D33DEF5C}.Ad-Hoc|iPhoneSimulator.Build.0 = Debug|Any CPU
		{15234C61-6ADD-4FC5-8757-56B7D33DEF5C}.Ad-Hoc|iPhoneSimulator.Deploy.0 = Debug|Any CPU
		{15234C61-6ADD-4FC5-8757-56B7D33DEF5C}.AppStore|Any CPU.ActiveCfg = Debug|Any CPU
		{15234C61-6ADD-4FC5-8757-56B7D33DEF5C}.AppStore|Any CPU.Build.0 = Debug|Any CPU
		{15234C61-6ADD-4FC5-8757-56B7D33DEF5C}.AppStore|Any CPU.Deploy.0 = Debug|Any CPU
		{15234C61-6ADD-4FC5-8757-56B7D33DEF5C}.AppStore|iPhone.ActiveCfg = Debug|Any CPU
		{15234C61-6ADD-4FC5-8757-56B7D33DEF5C}.AppStore|iPhone.Build.0 = Debug|Any CPU
		{15234C61-6ADD-4FC5-8757-56B7D33DEF5C}.AppStore|iPhone.Deploy.0 = Debug|Any CPU
		{15234C61-6ADD-4FC5-8757-56B7D33DEF5C}.AppStore|iPhoneSimulator.ActiveCfg = Debug|Any CPU
		{15234C61-6ADD-4FC5-8757-56B7D33DEF5C}.AppStore|iPhoneSimulator.Build.0 = Debug|Any CPU
		{15234C61-6ADD-4FC5-8757-56B7D33DEF5C}.AppStore|iPhoneSimulator.Deploy.0 = Debug|Any CPU
		{15234C61-6ADD-4FC5-8757-56B7D33DEF5C}.Debug|Any CPU.ActiveCfg = Debug|Any CPU
		{15234C61-6ADD-4FC5-8757-56B7D33DEF5C}.Debug|Any CPU.Build.0 = Debug|Any CPU
		{15234C61-6ADD-4FC5-8757-56B7D33DEF5C}.Debug|Any CPU.Deploy.0 = Debug|Any CPU
		{15234C61-6ADD-4FC5-8757-56B7D33DEF5C}.Debug|iPhone.ActiveCfg = Debug|Any CPU
		{15234C61-6ADD-4FC5-8757-56B7D33DEF5C}.Debug|iPhone.Build.0 = Debug|Any CPU
		{15234C61-6ADD-4FC5-8757-56B7D33DEF5C}.Debug|iPhone.Deploy.0 = Debug|Any CPU
		{15234C61-6ADD-4FC5-8757-56B7D33DEF5C}.Debug|iPhoneSimulator.ActiveCfg = Debug|Any CPU
		{15234C61-6ADD-4FC5-8757-56B7D33DEF5C}.Debug|iPhoneSimulator.Build.0 = Debug|Any CPU
		{15234C61-6ADD-4FC5-8757-56B7D33DEF5C}.Debug|iPhoneSimulator.Deploy.0 = Debug|Any CPU
		{15234C61-6ADD-4FC5-8757-56B7D33DEF5C}.Release|Any CPU.ActiveCfg = Release|Any CPU
		{15234C61-6ADD-4FC5-8757-56B7D33DEF5C}.Release|Any CPU.Build.0 = Release|Any CPU
		{15234C61-6ADD-4FC5-8757-56B7D33DEF5C}.Release|Any CPU.Deploy.0 = Release|Any CPU
		{15234C61-6ADD-4FC5-8757-56B7D33DEF5C}.Release|iPhone.ActiveCfg = Release|Any CPU
		{15234C61-6ADD-4FC5-8757-56B7D33DEF5C}.Release|iPhone.Build.0 = Release|Any CPU
		{15234C61-6ADD-4FC5-8757-56B7D33DEF5C}.Release|iPhone.Deploy.0 = Release|Any CPU
		{15234C61-6ADD-4FC5-8757-56B7D33DEF5C}.Release|iPhoneSimulator.ActiveCfg = Release|Any CPU
		{15234C61-6ADD-4FC5-8757-56B7D33DEF5C}.Release|iPhoneSimulator.Build.0 = Release|Any CPU
		{15234C61-6ADD-4FC5-8757-56B7D33DEF5C}.Release|iPhoneSimulator.Deploy.0 = Release|Any CPU
	EndGlobalSection
	GlobalSection(SolutionProperties) = preSolution
		HideSolutionNode = FALSE
	EndGlobalSection
	GlobalSection(ExtensibilityGlobals) = postSolution
		SolutionGuid = {6D3B3174-D03E-47CE-BDD1-0FABD02EB854}
	EndGlobalSection
EndGlobal
